
Microsoft Visual Studio Solution File, Format Version 12.00
# Visual Studio 2012
Project("{FAE04EC0-301F-11D3-BF4B-00C04F79EFBC}") = "反射", "反射\反射.csproj", "{FB7FC48E-4848-48A3-9527-017702CBCAC9}"
EndProject
Project("{FAE04EC0-301F-11D3-BF4B-00C04F79EFBC}") = "Runmou.Dal", "Runmou.Dal\Runmou.Dal.csproj", "{371F5227-3BF1-46FE-9B86-C157E8D6C63B}"
EndProject
Project("{FAE04EC0-301F-11D3-BF4B-00C04F79EFBC}") = "Runmou.Interface", "Runmou.Interface\Runmou.Interface.csproj", "{8EE790B9-7A44-4828-BECF-DEC721EB8735}"
EndProject
Project("{FAE04EC0-301F-11D3-BF4B-00C04F79EFBC}") = "Runmou.Dal.Mysql", "Runmou.Dal.Mysql\Runmou.Dal.Mysql.csproj", "{A8A99B46-F839-44B7-8B87-14976A07F957}"
EndProject
Global
	GlobalSection(SolutionConfigurationPlatforms) = preSolution
		Debug|x86 = Debug|x86
		Release|x86 = Release|x86
	EndGlobalSection
	GlobalSection(ProjectConfigurationPlatforms) = postSolution
		{FB7FC48E-4848-48A3-9527-017702CBCAC9}.Debug|x86.ActiveCfg = Debug|x86
		{FB7FC48E-4848-48A3-9527-017702CBCAC9}.Debug|x86.Build.0 = Debug|x86
		{FB7FC48E-4848-48A3-9527-017702CBCAC9}.Release|x86.ActiveCfg = Release|x86
		{FB7FC48E-4848-48A3-9527-017702CBCAC9}.Release|x86.Build.0 = Release|x86
		{371F5227-3BF1-46FE-9B86-C157E8D6C63B}.Debug|x86.ActiveCfg = Debug|Any CPU
		{371F5227-3BF1-46FE-9B86-C157E8D6C63B}.Debug|x86.Build.0 = Debug|Any CPU
		{371F5227-3BF1-46FE-9B86-C157E8D6C63B}.Release|x86.ActiveCfg = Release|Any CPU
		{371F5227-3BF1-46FE-9B86-C157E8D6C63B}.Release|x86.Build.0 = Release|Any CPU
		{8EE790B9-7A44-4828-BECF-DEC721EB8735}.Debug|x86.ActiveCfg = Debug|Any CPU
		{8EE790B9-7A44-4828-BECF-DEC721EB8735}.Debug|x86.Build.0 = Debug|Any CPU
		{8EE790B9-7A44-4828-BECF-DEC721EB8735}.Release|x86.ActiveCfg = Release|Any CPU
		{8EE790B9-7A44-4828-BECF-DEC721EB8735}.Release|x86.Build.0 = Release|Any CPU
		{A8A99B46-F839-44B7-8B87-14976A07F957}.Debug|x86.ActiveCfg = Debug|Any CPU
		{A8A99B46-F839-44B7-8B87-14976A07F957}.Debug|x86.Build.0 = Debug|Any CPU
		{A8A99B46-F839-44B7-8B87-14976A07F957}.Release|x86.ActiveCfg = Release|Any CPU
		{A8A99B46-F839-44B7-8B87-14976A07F957}.Release|x86.Build.0 = Release|Any CPU
	EndGlobalSection
EndGlobal
