
Microsoft Visual Studio Solution File, Format Version 12.00
# Visual Studio 2012
Project("{FAE04EC0-301F-11D3-BF4B-00C04F79EFBC}") = "Lambda", "Lambda\Lambda.csproj", "{6E2E7E6F-DFBF-49D6-913B-BA8DB3701F78}"
EndProject
Global
	GlobalSection(SolutionConfigurationPlatforms) = preSolution
		Debug|x86 = Debug|x86
		Release|x86 = Release|x86
	EndGlobalSection
	GlobalSection(ProjectConfigurationPlatforms) = postSolution
		{6E2E7E6F-DFBF-49D6-913B-BA8DB3701F78}.Debug|x86.ActiveCfg = Debug|x86
		{6E2E7E6F-DFBF-49D6-913B-BA8DB3701F78}.Debug|x86.Build.0 = Debug|x86
		{6E2E7E6F-DFBF-49D6-913B-BA8DB3701F78}.Release|x86.ActiveCfg = Release|x86
		{6E2E7E6F-DFBF-49D6-913B-BA8DB3701F78}.Release|x86.Build.0 = Release|x86
	EndGlobalSection
EndGlobal
